// !$*UTF8*$!
{
	archiveVersion = 1;
	classes = {
	};
	objectVersion = 46;
	objects = {

/* Begin PBXBuildFile section */
		B80B4C041B2077C40064B52D /* CandidateManager.swift in Sources */ = {isa = PBXBuildFile; fileRef = B80B4C011B2077C40064B52D /* CandidateManager.swift */; };
		B80B4C051B2077C40064B52D /* DegreeManager.swift in Sources */ = {isa = PBXBuildFile; fileRef = B80B4C021B2077C40064B52D /* DegreeManager.swift */; };
		B80B4C061B2077C40064B52D /* EmployeeManager.swift in Sources */ = {isa = PBXBuildFile; fileRef = B80B4C031B2077C40064B52D /* EmployeeManager.swift */; };
		B80B4C081B207E470064B52D /* CandidateViewCell.swift in Sources */ = {isa = PBXBuildFile; fileRef = B80B4C071B207E470064B52D /* CandidateViewCell.swift */; };
		B80B4C0D1B20A05F0064B52D /* Calendar.png in Resources */ = {isa = PBXBuildFile; fileRef = B80B4C091B20A05F0064B52D /* Calendar.png */; };
		B80B4C0E1B20A05F0064B52D /* Dossier1.png in Resources */ = {isa = PBXBuildFile; fileRef = B80B4C0A1B20A05F0064B52D /* Dossier1.png */; };
		B80B4C0F1B20A05F0064B52D /* Macleanrh.png in Resources */ = {isa = PBXBuildFile; fileRef = B80B4C0B1B20A05F0064B52D /* Macleanrh.png */; };
		B80B4C101B20A05F0064B52D /* Recru.png in Resources */ = {isa = PBXBuildFile; fileRef = B80B4C0C1B20A05F0064B52D /* Recru.png */; };
		B80B4C121B20A6C90064B52D /* RecruitmentViewCell.swift in Sources */ = {isa = PBXBuildFile; fileRef = B80B4C111B20A6C90064B52D /* RecruitmentViewCell.swift */; };
		B80B4C141B20A8740064B52D /* ListingRecruitmentViewController.swift in Sources */ = {isa = PBXBuildFile; fileRef = B80B4C131B20A8740064B52D /* ListingRecruitmentViewController.swift */; };
		B80B4C181B2197990064B52D /* CandidateViewController.swift in Sources */ = {isa = PBXBuildFile; fileRef = B80B4C151B2197990064B52D /* CandidateViewController.swift */; };
		B80B4C191B2197990064B52D /* QRCodeViewController.swift in Sources */ = {isa = PBXBuildFile; fileRef = B80B4C161B2197990064B52D /* QRCodeViewController.swift */; };
		B811ACDE1B2050B800FEB7A8 /* ContractManager.swift in Sources */ = {isa = PBXBuildFile; fileRef = B811ACDD1B2050B800FEB7A8 /* ContractManager.swift */; };
		B834290F1B1EF0E8008557AF /* Constants.swift in Sources */ = {isa = PBXBuildFile; fileRef = B834290E1B1EF0E8008557AF /* Constants.swift */; };
		B83429111B1EF1CD008557AF /* CoreDataManager.swift in Sources */ = {isa = PBXBuildFile; fileRef = B83429101B1EF1CD008557AF /* CoreDataManager.swift */; };
		B83C91E91B2036E900879EE5 /* RecruitmentManager.swift in Sources */ = {isa = PBXBuildFile; fileRef = B83C91E81B2036E900879EE5 /* RecruitmentManager.swift */; };
		B83DBA1B1B1EF3BA0092D63A /* MacleanRH.xcdatamodeld in Sources */ = {isa = PBXBuildFile; fileRef = B83DBA191B1EF3BA0092D63A /* MacleanRH.xcdatamodeld */; };
		B83DBA211B1F263F0092D63A /* StateCandidatureManager.swift in Sources */ = {isa = PBXBuildFile; fileRef = B83DBA201B1F263F0092D63A /* StateCandidatureManager.swift */; };
		B83DBA3F1B1F50CA0092D63A /* Contract.swift in Sources */ = {isa = PBXBuildFile; fileRef = B83DBA3E1B1F50CA0092D63A /* Contract.swift */; };
		B83DBA411B1F50CB0092D63A /* StateCandidature.swift in Sources */ = {isa = PBXBuildFile; fileRef = B83DBA401B1F50CB0092D63A /* StateCandidature.swift */; };
		B83DBA431B1F50CB0092D63A /* TypeContract.swift in Sources */ = {isa = PBXBuildFile; fileRef = B83DBA421B1F50CB0092D63A /* TypeContract.swift */; };
		B83DBA451B1F50CB0092D63A /* Recruitment.swift in Sources */ = {isa = PBXBuildFile; fileRef = B83DBA441B1F50CB0092D63A /* Recruitment.swift */; };
		B83DBA471B1F50CB0092D63A /* Candidate.swift in Sources */ = {isa = PBXBuildFile; fileRef = B83DBA461B1F50CB0092D63A /* Candidate.swift */; };
		B83DBA491B1F50CB0092D63A /* Employee.swift in Sources */ = {isa = PBXBuildFile; fileRef = B83DBA481B1F50CB0092D63A /* Employee.swift */; };
		B83DBA4B1B1F50CB0092D63A /* Degree.swift in Sources */ = {isa = PBXBuildFile; fileRef = B83DBA4A1B1F50CB0092D63A /* Degree.swift */; };
		B83DBA4F1B2036890092D63A /* TypeContractManager.swift in Sources */ = {isa = PBXBuildFile; fileRef = B83DBA4E1B2036890092D63A /* TypeContractManager.swift */; };
		B86A9B8C1B25E33100497DE5 /* noimage.png in Resources */ = {isa = PBXBuildFile; fileRef = B86A9B891B25E33100497DE5 /* noimage.png */; };
		B86A9B8D1B25E33100497DE5 /* SectorManager.swift in Sources */ = {isa = PBXBuildFile; fileRef = B86A9B8A1B25E33100497DE5 /* SectorManager.swift */; };
		B86A9B8E1B25E33100497DE5 /* WebViewController.swift in Sources */ = {isa = PBXBuildFile; fileRef = B86A9B8B1B25E33100497DE5 /* WebViewController.swift */; };
		B870E7FB1B1DD52D00CA2C84 /* AppDelegate.swift in Sources */ = {isa = PBXBuildFile; fileRef = B870E7FA1B1DD52D00CA2C84 /* AppDelegate.swift */; };
		B870E7FD1B1DD52D00CA2C84 /* TestViewController.swift in Sources */ = {isa = PBXBuildFile; fileRef = B870E7FC1B1DD52D00CA2C84 /* TestViewController.swift */; };
		B870E8001B1DD52D00CA2C84 /* Main.storyboard in Resources */ = {isa = PBXBuildFile; fileRef = B870E7FE1B1DD52D00CA2C84 /* Main.storyboard */; };
		B870E8021B1DD52D00CA2C84 /* Images.xcassets in Resources */ = {isa = PBXBuildFile; fileRef = B870E8011B1DD52D00CA2C84 /* Images.xcassets */; };
		B870E8051B1DD52D00CA2C84 /* LaunchScreen.xib in Resources */ = {isa = PBXBuildFile; fileRef = B870E8031B1DD52D00CA2C84 /* LaunchScreen.xib */; };
		B870E8111B1DD52D00CA2C84 /* MacleanRHTests.swift in Sources */ = {isa = PBXBuildFile; fileRef = B870E8101B1DD52D00CA2C84 /* MacleanRHTests.swift */; };
		B887BFA41B219BB8002D0D8B /* btnCal.png in Resources */ = {isa = PBXBuildFile; fileRef = B887BF981B219BB8002D0D8B /* btnCal.png */; };
		B887BFA51B219BB8002D0D8B /* btndoss.png in Resources */ = {isa = PBXBuildFile; fileRef = B887BF991B219BB8002D0D8B /* btndoss.png */; };
		B887BFA61B219BB8002D0D8B /* btndoss2.png in Resources */ = {isa = PBXBuildFile; fileRef = B887BF9A1B219BB8002D0D8B /* btndoss2.png */; };
		B887BFA71B219BB8002D0D8B /* btndoss3.png in Resources */ = {isa = PBXBuildFile; fileRef = B887BF9B1B219BB8002D0D8B /* btndoss3.png */; };
		B887BFA81B219BB8002D0D8B /* btndoss4.png in Resources */ = {isa = PBXBuildFile; fileRef = B887BF9C1B219BB8002D0D8B /* btndoss4.png */; };
		B887BFA91B219BB8002D0D8B /* BtnRecru.png in Resources */ = {isa = PBXBuildFile; fileRef = B887BF9D1B219BB8002D0D8B /* BtnRecru.png */; };
		B887BFAA1B219BB8002D0D8B /* BtnRecru1.png in Resources */ = {isa = PBXBuildFile; fileRef = B887BF9E1B219BB8002D0D8B /* BtnRecru1.png */; };
		B887BFAB1B219BB8002D0D8B /* BtnRecru2.png in Resources */ = {isa = PBXBuildFile; fileRef = B887BF9F1B219BB8002D0D8B /* BtnRecru2.png */; };
		B887BFAD1B219BB8002D0D8B /* Recrutementmini.png in Resources */ = {isa = PBXBuildFile; fileRef = B887BFA11B219BB8002D0D8B /* Recrutementmini.png */; };
		B887BFAE1B219BB8002D0D8B /* Recrutmini.png in Resources */ = {isa = PBXBuildFile; fileRef = B887BFA21B219BB8002D0D8B /* Recrutmini.png */; };
		B887BFAF1B219BB8002D0D8B /* Stars.png in Resources */ = {isa = PBXBuildFile; fileRef = B887BFA31B219BB8002D0D8B /* Stars.png */; };
		B887BFB21B219C6A002D0D8B /* Dating.swift in Sources */ = {isa = PBXBuildFile; fileRef = B887BFB01B219C6A002D0D8B /* Dating.swift */; };
		B887BFB31B219C6A002D0D8B /* Sector.swift in Sources */ = {isa = PBXBuildFile; fileRef = B887BFB11B219C6A002D0D8B /* Sector.swift */; };
		B887BFB51B219D46002D0D8B /* ListingEmployeeViewController.swift in Sources */ = {isa = PBXBuildFile; fileRef = B887BFB41B219D46002D0D8B /* ListingEmployeeViewController.swift */; };
		B887BFB71B219DA5002D0D8B /* EmployeeViewController.swift in Sources */ = {isa = PBXBuildFile; fileRef = B887BFB61B219DA5002D0D8B /* EmployeeViewController.swift */; };
		B8D43D001B206FF300ED6DC9 /* HomePageController.swift in Sources */ = {isa = PBXBuildFile; fileRef = B8D43CFF1B206FF300ED6DC9 /* HomePageController.swift */; };
		B8D43D021B20705900ED6DC9 /* ListingCandidateViewController.swift in Sources */ = {isa = PBXBuildFile; fileRef = B8D43D011B20705900ED6DC9 /* ListingCandidateViewController.swift */; };
		B8E63A871B25BC810075FC27 /* EmployeeViewCell.swift in Sources */ = {isa = PBXBuildFile; fileRef = B8E63A861B25BC810075FC27 /* EmployeeViewCell.swift */; };
/* End PBXBuildFile section */

/* Begin PBXContainerItemProxy section */
		B870E80B1B1DD52D00CA2C84 /* PBXContainerItemProxy */ = {
			isa = PBXContainerItemProxy;
			containerPortal = B870E7ED1B1DD52D00CA2C84 /* Project object */;
			proxyType = 1;
			remoteGlobalIDString = B870E7F41B1DD52D00CA2C84;
			remoteInfo = MacleanRH;
		};
/* End PBXContainerItemProxy section */

/* Begin PBXFileReference section */
		B80B4C011B2077C40064B52D /* CandidateManager.swift */ = {isa = PBXFileReference; fileEncoding = 4; lastKnownFileType = sourcecode.swift; path = CandidateManager.swift; sourceTree = "<group>"; };
		B80B4C021B2077C40064B52D /* DegreeManager.swift */ = {isa = PBXFileReference; fileEncoding = 4; lastKnownFileType = sourcecode.swift; path = DegreeManager.swift; sourceTree = "<group>"; };
		B80B4C031B2077C40064B52D /* EmployeeManager.swift */ = {isa = PBXFileReference; fileEncoding = 4; lastKnownFileType = sourcecode.swift; path = EmployeeManager.swift; sourceTree = "<group>"; };
		B80B4C071B207E470064B52D /* CandidateViewCell.swift */ = {isa = PBXFileReference; fileEncoding = 4; lastKnownFileType = sourcecode.swift; path = CandidateViewCell.swift; sourceTree = "<group>"; };
		B80B4C091B20A05F0064B52D /* Calendar.png */ = {isa = PBXFileReference; lastKnownFileType = image.png; path = Calendar.png; sourceTree = "<group>"; };
		B80B4C0A1B20A05F0064B52D /* Dossier1.png */ = {isa = PBXFileReference; lastKnownFileType = image.png; path = Dossier1.png; sourceTree = "<group>"; };
		B80B4C0B1B20A05F0064B52D /* Macleanrh.png */ = {isa = PBXFileReference; lastKnownFileType = image.png; path = Macleanrh.png; sourceTree = "<group>"; };
		B80B4C0C1B20A05F0064B52D /* Recru.png */ = {isa = PBXFileReference; lastKnownFileType = image.png; path = Recru.png; sourceTree = "<group>"; };
		B80B4C111B20A6C90064B52D /* RecruitmentViewCell.swift */ = {isa = PBXFileReference; fileEncoding = 4; lastKnownFileType = sourcecode.swift; path = RecruitmentViewCell.swift; sourceTree = "<group>"; };
		B80B4C131B20A8740064B52D /* ListingRecruitmentViewController.swift */ = {isa = PBXFileReference; fileEncoding = 4; lastKnownFileType = sourcecode.swift; path = ListingRecruitmentViewController.swift; sourceTree = "<group>"; };
		B80B4C151B2197990064B52D /* CandidateViewController.swift */ = {isa = PBXFileReference; fileEncoding = 4; lastKnownFileType = sourcecode.swift; path = CandidateViewController.swift; sourceTree = "<group>"; };
		B80B4C161B2197990064B52D /* QRCodeViewController.swift */ = {isa = PBXFileReference; fileEncoding = 4; lastKnownFileType = sourcecode.swift; path = QRCodeViewController.swift; sourceTree = "<group>"; };
		B811ACDD1B2050B800FEB7A8 /* ContractManager.swift */ = {isa = PBXFileReference; fileEncoding = 4; lastKnownFileType = sourcecode.swift; path = ContractManager.swift; sourceTree = "<group>"; };
		B834290E1B1EF0E8008557AF /* Constants.swift */ = {isa = PBXFileReference; fileEncoding = 4; lastKnownFileType = sourcecode.swift; path = Constants.swift; sourceTree = "<group>"; };
		B83429101B1EF1CD008557AF /* CoreDataManager.swift */ = {isa = PBXFileReference; fileEncoding = 4; lastKnownFileType = sourcecode.swift; path = CoreDataManager.swift; sourceTree = "<group>"; };
		B83C91E81B2036E900879EE5 /* RecruitmentManager.swift */ = {isa = PBXFileReference; fileEncoding = 4; lastKnownFileType = sourcecode.swift; path = RecruitmentManager.swift; sourceTree = "<group>"; };
		B83DBA1A1B1EF3BA0092D63A /* MacleanRH.xcdatamodel */ = {isa = PBXFileReference; lastKnownFileType = wrapper.xcdatamodel; path = MacleanRH.xcdatamodel; sourceTree = "<group>"; };
		B83DBA201B1F263F0092D63A /* StateCandidatureManager.swift */ = {isa = PBXFileReference; fileEncoding = 4; lastKnownFileType = sourcecode.swift; path = StateCandidatureManager.swift; sourceTree = "<group>"; };
		B83DBA3E1B1F50CA0092D63A /* Contract.swift */ = {isa = PBXFileReference; fileEncoding = 4; lastKnownFileType = sourcecode.swift; path = Contract.swift; sourceTree = "<group>"; };
		B83DBA401B1F50CB0092D63A /* StateCandidature.swift */ = {isa = PBXFileReference; fileEncoding = 4; lastKnownFileType = sourcecode.swift; path = StateCandidature.swift; sourceTree = "<group>"; };
		B83DBA421B1F50CB0092D63A /* TypeContract.swift */ = {isa = PBXFileReference; fileEncoding = 4; lastKnownFileType = sourcecode.swift; path = TypeContract.swift; sourceTree = "<group>"; };
		B83DBA441B1F50CB0092D63A /* Recruitment.swift */ = {isa = PBXFileReference; fileEncoding = 4; lastKnownFileType = sourcecode.swift; path = Recruitment.swift; sourceTree = "<group>"; };
		B83DBA461B1F50CB0092D63A /* Candidate.swift */ = {isa = PBXFileReference; fileEncoding = 4; lastKnownFileType = sourcecode.swift; path = Candidate.swift; sourceTree = "<group>"; };
		B83DBA481B1F50CB0092D63A /* Employee.swift */ = {isa = PBXFileReference; fileEncoding = 4; lastKnownFileType = sourcecode.swift; path = Employee.swift; sourceTree = "<group>"; };
		B83DBA4A1B1F50CB0092D63A /* Degree.swift */ = {isa = PBXFileReference; fileEncoding = 4; lastKnownFileType = sourcecode.swift; path = Degree.swift; sourceTree = "<group>"; };
		B83DBA4E1B2036890092D63A /* TypeContractManager.swift */ = {isa = PBXFileReference; fileEncoding = 4; lastKnownFileType = sourcecode.swift; path = TypeContractManager.swift; sourceTree = "<group>"; };
		B86A9B891B25E33100497DE5 /* noimage.png */ = {isa = PBXFileReference; lastKnownFileType = image.png; path = noimage.png; sourceTree = "<group>"; };
		B86A9B8A1B25E33100497DE5 /* SectorManager.swift */ = {isa = PBXFileReference; fileEncoding = 4; lastKnownFileType = sourcecode.swift; path = SectorManager.swift; sourceTree = "<group>"; };
		B86A9B8B1B25E33100497DE5 /* WebViewController.swift */ = {isa = PBXFileReference; fileEncoding = 4; lastKnownFileType = sourcecode.swift; path = WebViewController.swift; sourceTree = "<group>"; };
		B870E7F51B1DD52D00CA2C84 /* MacleanRH.app */ = {isa = PBXFileReference; explicitFileType = wrapper.application; includeInIndex = 0; path = MacleanRH.app; sourceTree = BUILT_PRODUCTS_DIR; };
		B870E7F91B1DD52D00CA2C84 /* Info.plist */ = {isa = PBXFileReference; lastKnownFileType = text.plist.xml; path = Info.plist; sourceTree = "<group>"; };
		B870E7FA1B1DD52D00CA2C84 /* AppDelegate.swift */ = {isa = PBXFileReference; lastKnownFileType = sourcecode.swift; path = AppDelegate.swift; sourceTree = "<group>"; };
		B870E7FC1B1DD52D00CA2C84 /* TestViewController.swift */ = {isa = PBXFileReference; lastKnownFileType = sourcecode.swift; path = TestViewController.swift; sourceTree = "<group>"; };
		B870E7FF1B1DD52D00CA2C84 /* Base */ = {isa = PBXFileReference; lastKnownFileType = file.storyboard; name = Base; path = Base.lproj/Main.storyboard; sourceTree = "<group>"; };
		B870E8011B1DD52D00CA2C84 /* Images.xcassets */ = {isa = PBXFileReference; lastKnownFileType = folder.assetcatalog; path = Images.xcassets; sourceTree = "<group>"; };
		B870E8041B1DD52D00CA2C84 /* Base */ = {isa = PBXFileReference; lastKnownFileType = file.xib; name = Base; path = Base.lproj/LaunchScreen.xib; sourceTree = "<group>"; };
		B870E80A1B1DD52D00CA2C84 /* MacleanRHTests.xctest */ = {isa = PBXFileReference; explicitFileType = wrapper.cfbundle; includeInIndex = 0; path = MacleanRHTests.xctest; sourceTree = BUILT_PRODUCTS_DIR; };
		B870E80F1B1DD52D00CA2C84 /* Info.plist */ = {isa = PBXFileReference; lastKnownFileType = text.plist.xml; path = Info.plist; sourceTree = "<group>"; };
		B870E8101B1DD52D00CA2C84 /* MacleanRHTests.swift */ = {isa = PBXFileReference; lastKnownFileType = sourcecode.swift; path = MacleanRHTests.swift; sourceTree = "<group>"; };
		B887BF981B219BB8002D0D8B /* btnCal.png */ = {isa = PBXFileReference; lastKnownFileType = image.png; path = btnCal.png; sourceTree = "<group>"; };
		B887BF991B219BB8002D0D8B /* btndoss.png */ = {isa = PBXFileReference; lastKnownFileType = image.png; path = btndoss.png; sourceTree = "<group>"; };
		B887BF9A1B219BB8002D0D8B /* btndoss2.png */ = {isa = PBXFileReference; lastKnownFileType = image.png; path = btndoss2.png; sourceTree = "<group>"; };
		B887BF9B1B219BB8002D0D8B /* btndoss3.png */ = {isa = PBXFileReference; lastKnownFileType = image.png; path = btndoss3.png; sourceTree = "<group>"; };
		B887BF9C1B219BB8002D0D8B /* btndoss4.png */ = {isa = PBXFileReference; lastKnownFileType = image.png; path = btndoss4.png; sourceTree = "<group>"; };
		B887BF9D1B219BB8002D0D8B /* BtnRecru.png */ = {isa = PBXFileReference; lastKnownFileType = image.png; path = BtnRecru.png; sourceTree = "<group>"; };
		B887BF9E1B219BB8002D0D8B /* BtnRecru1.png */ = {isa = PBXFileReference; lastKnownFileType = image.png; path = BtnRecru1.png; sourceTree = "<group>"; };
		B887BF9F1B219BB8002D0D8B /* BtnRecru2.png */ = {isa = PBXFileReference; lastKnownFileType = image.png; path = BtnRecru2.png; sourceTree = "<group>"; };
		B887BFA11B219BB8002D0D8B /* Recrutementmini.png */ = {isa = PBXFileReference; lastKnownFileType = image.png; path = Recrutementmini.png; sourceTree = "<group>"; };
		B887BFA21B219BB8002D0D8B /* Recrutmini.png */ = {isa = PBXFileReference; lastKnownFileType = image.png; path = Recrutmini.png; sourceTree = "<group>"; };
		B887BFA31B219BB8002D0D8B /* Stars.png */ = {isa = PBXFileReference; lastKnownFileType = image.png; path = Stars.png; sourceTree = "<group>"; };
		B887BFB01B219C6A002D0D8B /* Dating.swift */ = {isa = PBXFileReference; fileEncoding = 4; lastKnownFileType = sourcecode.swift; path = Dating.swift; sourceTree = "<group>"; };
		B887BFB11B219C6A002D0D8B /* Sector.swift */ = {isa = PBXFileReference; fileEncoding = 4; lastKnownFileType = sourcecode.swift; path = Sector.swift; sourceTree = "<group>"; };
		B887BFB41B219D46002D0D8B /* ListingEmployeeViewController.swift */ = {isa = PBXFileReference; fileEncoding = 4; lastKnownFileType = sourcecode.swift; path = ListingEmployeeViewController.swift; sourceTree = "<group>"; };
		B887BFB61B219DA5002D0D8B /* EmployeeViewController.swift */ = {isa = PBXFileReference; fileEncoding = 4; lastKnownFileType = sourcecode.swift; path = EmployeeViewController.swift; sourceTree = "<group>"; };
		B8D43CFF1B206FF300ED6DC9 /* HomePageController.swift */ = {isa = PBXFileReference; fileEncoding = 4; lastKnownFileType = sourcecode.swift; path = HomePageController.swift; sourceTree = "<group>"; };
		B8D43D011B20705900ED6DC9 /* ListingCandidateViewController.swift */ = {isa = PBXFileReference; fileEncoding = 4; lastKnownFileType = sourcecode.swift; path = ListingCandidateViewController.swift; sourceTree = "<group>"; };
		B8E63A861B25BC810075FC27 /* EmployeeViewCell.swift */ = {isa = PBXFileReference; fileEncoding = 4; lastKnownFileType = sourcecode.swift; path = EmployeeViewCell.swift; sourceTree = "<group>"; };
/* End PBXFileReference section */

/* Begin PBXFrameworksBuildPhase section */
		B870E7F21B1DD52D00CA2C84 /* Frameworks */ = {
			isa = PBXFrameworksBuildPhase;
			buildActionMask = 2147483647;
			files = (
			);
			runOnlyForDeploymentPostprocessing = 0;
		};
		B870E8071B1DD52D00CA2C84 /* Frameworks */ = {
			isa = PBXFrameworksBuildPhase;
			buildActionMask = 2147483647;
			files = (
			);
			runOnlyForDeploymentPostprocessing = 0;
		};
/* End PBXFrameworksBuildPhase section */

/* Begin PBXGroup section */
		B83C91E41B1F327000879EE5 /* Manager */ = {
			isa = PBXGroup;
			children = (
				B86A9B8A1B25E33100497DE5 /* SectorManager.swift */,
				B80B4C011B2077C40064B52D /* CandidateManager.swift */,
				B80B4C021B2077C40064B52D /* DegreeManager.swift */,
				B80B4C031B2077C40064B52D /* EmployeeManager.swift */,
				B83DBA201B1F263F0092D63A /* StateCandidatureManager.swift */,
				B83429101B1EF1CD008557AF /* CoreDataManager.swift */,
				B811ACDD1B2050B800FEB7A8 /* ContractManager.swift */,
				B83DBA4E1B2036890092D63A /* TypeContractManager.swift */,
				B83C91E81B2036E900879EE5 /* RecruitmentManager.swift */,
			);
			name = Manager;
			sourceTree = "<group>";
		};
		B83C91E51B1F327D00879EE5 /* Model */ = {
			isa = PBXGroup;
			children = (
				B887BFB01B219C6A002D0D8B /* Dating.swift */,
				B887BFB11B219C6A002D0D8B /* Sector.swift */,
				B83DBA4A1B1F50CB0092D63A /* Degree.swift */,
				B83DBA481B1F50CB0092D63A /* Employee.swift */,
				B83DBA461B1F50CB0092D63A /* Candidate.swift */,
				B83DBA441B1F50CB0092D63A /* Recruitment.swift */,
				B83DBA421B1F50CB0092D63A /* TypeContract.swift */,
				B83DBA401B1F50CB0092D63A /* StateCandidature.swift */,
				B83DBA3E1B1F50CA0092D63A /* Contract.swift */,
			);
			name = Model;
			sourceTree = "<group>";
		};
		B83C91E61B1F328700879EE5 /* View */ = {
			isa = PBXGroup;
			children = (
				B86A9B8B1B25E33100497DE5 /* WebViewController.swift */,
				B80B4C151B2197990064B52D /* CandidateViewController.swift */,
				B80B4C161B2197990064B52D /* QRCodeViewController.swift */,
				B870E7FC1B1DD52D00CA2C84 /* TestViewController.swift */,
				B8D43CFF1B206FF300ED6DC9 /* HomePageController.swift */,
				B8D43D011B20705900ED6DC9 /* ListingCandidateViewController.swift */,
				B80B4C071B207E470064B52D /* CandidateViewCell.swift */,
				B80B4C111B20A6C90064B52D /* RecruitmentViewCell.swift */,
				B80B4C131B20A8740064B52D /* ListingRecruitmentViewController.swift */,
				B887BFB41B219D46002D0D8B /* ListingEmployeeViewController.swift */,
				B887BFB61B219DA5002D0D8B /* EmployeeViewController.swift */,
				B8E63A861B25BC810075FC27 /* EmployeeViewCell.swift */,
			);
			name = View;
			sourceTree = "<group>";
		};
		B83C91E71B1F329600879EE5 /* Utils */ = {
			isa = PBXGroup;
			children = (
				B834290E1B1EF0E8008557AF /* Constants.swift */,
			);
			name = Utils;
			sourceTree = "<group>";
		};
		B870E7EC1B1DD52D00CA2C84 = {
			isa = PBXGroup;
			children = (
				B870E7F71B1DD52D00CA2C84 /* MacleanRH */,
				B870E80D1B1DD52D00CA2C84 /* MacleanRHTests */,
				B870E7F61B1DD52D00CA2C84 /* Products */,
			);
			sourceTree = "<group>";
		};
		B870E7F61B1DD52D00CA2C84 /* Products */ = {
			isa = PBXGroup;
			children = (
				B870E7F51B1DD52D00CA2C84 /* MacleanRH.app */,
				B870E80A1B1DD52D00CA2C84 /* MacleanRHTests.xctest */,
			);
			name = Products;
			sourceTree = "<group>";
		};
		B870E7F71B1DD52D00CA2C84 /* MacleanRH */ = {
			isa = PBXGroup;
			children = (
				B83C91E71B1F329600879EE5 /* Utils */,
				B83C91E61B1F328700879EE5 /* View */,
				B83C91E51B1F327D00879EE5 /* Model */,
				B83C91E41B1F327000879EE5 /* Manager */,
				B870E7FA1B1DD52D00CA2C84 /* AppDelegate.swift */,
				B83DBA191B1EF3BA0092D63A /* MacleanRH.xcdatamodeld */,
				B870E7FE1B1DD52D00CA2C84 /* Main.storyboard */,
				B870E8011B1DD52D00CA2C84 /* Images.xcassets */,
				B870E8031B1DD52D00CA2C84 /* LaunchScreen.xib */,
				B870E7F81B1DD52D00CA2C84 /* Supporting Files */,
			);
			path = MacleanRH;
			sourceTree = "<group>";
		};
		B870E7F81B1DD52D00CA2C84 /* Supporting Files */ = {
			isa = PBXGroup;
			children = (
				B86A9B891B25E33100497DE5 /* noimage.png */,
				B887BF981B219BB8002D0D8B /* btnCal.png */,
				B887BF991B219BB8002D0D8B /* btndoss.png */,
				B887BF9A1B219BB8002D0D8B /* btndoss2.png */,
				B887BF9B1B219BB8002D0D8B /* btndoss3.png */,
				B887BF9C1B219BB8002D0D8B /* btndoss4.png */,
				B887BF9D1B219BB8002D0D8B /* BtnRecru.png */,
				B887BF9E1B219BB8002D0D8B /* BtnRecru1.png */,
				B887BF9F1B219BB8002D0D8B /* BtnRecru2.png */,
				B887BFA11B219BB8002D0D8B /* Recrutementmini.png */,
				B887BFA21B219BB8002D0D8B /* Recrutmini.png */,
				B887BFA31B219BB8002D0D8B /* Stars.png */,
				B80B4C091B20A05F0064B52D /* Calendar.png */,
				B80B4C0A1B20A05F0064B52D /* Dossier1.png */,
				B80B4C0B1B20A05F0064B52D /* Macleanrh.png */,
				B80B4C0C1B20A05F0064B52D /* Recru.png */,
				B870E7F91B1DD52D00CA2C84 /* Info.plist */,
			);
			name = "Supporting Files";
			sourceTree = "<group>";
		};
		B870E80D1B1DD52D00CA2C84 /* MacleanRHTests */ = {
			isa = PBXGroup;
			children = (
				B870E8101B1DD52D00CA2C84 /* MacleanRHTests.swift */,
				B870E80E1B1DD52D00CA2C84 /* Supporting Files */,
			);
			path = MacleanRHTests;
			sourceTree = "<group>";
		};
		B870E80E1B1DD52D00CA2C84 /* Supporting Files */ = {
			isa = PBXGroup;
			children = (
				B870E80F1B1DD52D00CA2C84 /* Info.plist */,
			);
			name = "Supporting Files";
			sourceTree = "<group>";
		};
/* End PBXGroup section */

/* Begin PBXNativeTarget section */
		B870E7F41B1DD52D00CA2C84 /* MacleanRH */ = {
			isa = PBXNativeTarget;
			buildConfigurationList = B870E8141B1DD52D00CA2C84 /* Build configuration list for PBXNativeTarget "MacleanRH" */;
			buildPhases = (
				B870E7F11B1DD52D00CA2C84 /* Sources */,
				B870E7F21B1DD52D00CA2C84 /* Frameworks */,
				B870E7F31B1DD52D00CA2C84 /* Resources */,
			);
			buildRules = (
			);
			dependencies = (
			);
			name = MacleanRH;
			productName = MacleanRH;
			productReference = B870E7F51B1DD52D00CA2C84 /* MacleanRH.app */;
			productType = "com.apple.product-type.application";
		};
		B870E8091B1DD52D00CA2C84 /* MacleanRHTests */ = {
			isa = PBXNativeTarget;
			buildConfigurationList = B870E8171B1DD52D00CA2C84 /* Build configuration list for PBXNativeTarget "MacleanRHTests" */;
			buildPhases = (
				B870E8061B1DD52D00CA2C84 /* Sources */,
				B870E8071B1DD52D00CA2C84 /* Frameworks */,
				B870E8081B1DD52D00CA2C84 /* Resources */,
			);
			buildRules = (
			);
			dependencies = (
				B870E80C1B1DD52D00CA2C84 /* PBXTargetDependency */,
			);
			name = MacleanRHTests;
			productName = MacleanRHTests;
			productReference = B870E80A1B1DD52D00CA2C84 /* MacleanRHTests.xctest */;
			productType = "com.apple.product-type.bundle.unit-test";
		};
/* End PBXNativeTarget section */

/* Begin PBXProject section */
		B870E7ED1B1DD52D00CA2C84 /* Project object */ = {
			isa = PBXProject;
			attributes = {
				LastUpgradeCheck = 0630;
				ORGANIZATIONNAME = iem;
				TargetAttributes = {
					B870E7F41B1DD52D00CA2C84 = {
						CreatedOnToolsVersion = 6.3.2;
					};
					B870E8091B1DD52D00CA2C84 = {
						CreatedOnToolsVersion = 6.3.2;
						TestTargetID = B870E7F41B1DD52D00CA2C84;
					};
				};
			};
			buildConfigurationList = B870E7F01B1DD52D00CA2C84 /* Build configuration list for PBXProject "MacleanRH" */;
			compatibilityVersion = "Xcode 3.2";
			developmentRegion = English;
			hasScannedForEncodings = 0;
			knownRegions = (
				en,
				Base,
			);
			mainGroup = B870E7EC1B1DD52D00CA2C84;
			productRefGroup = B870E7F61B1DD52D00CA2C84 /* Products */;
			projectDirPath = "";
			projectRoot = "";
			targets = (
				B870E7F41B1DD52D00CA2C84 /* MacleanRH */,
				B870E8091B1DD52D00CA2C84 /* MacleanRHTests */,
			);
		};
/* End PBXProject section */

/* Begin PBXResourcesBuildPhase section */
		B870E7F31B1DD52D00CA2C84 /* Resources */ = {
			isa = PBXResourcesBuildPhase;
			buildActionMask = 2147483647;
			files = (
				B887BFAA1B219BB8002D0D8B /* BtnRecru1.png in Resources */,
				B887BFA61B219BB8002D0D8B /* btndoss2.png in Resources */,
				B870E8001B1DD52D00CA2C84 /* Main.storyboard in Resources */,
				B887BFAD1B219BB8002D0D8B /* Recrutementmini.png in Resources */,
				B887BFA41B219BB8002D0D8B /* btnCal.png in Resources */,
				B887BFA51B219BB8002D0D8B /* btndoss.png in Resources */,
				B887BFA91B219BB8002D0D8B /* BtnRecru.png in Resources */,
				B80B4C0E1B20A05F0064B52D /* Dossier1.png in Resources */,
				B80B4C0D1B20A05F0064B52D /* Calendar.png in Resources */,
				B86A9B8C1B25E33100497DE5 /* noimage.png in Resources */,
				B887BFA71B219BB8002D0D8B /* btndoss3.png in Resources */,
				B80B4C101B20A05F0064B52D /* Recru.png in Resources */,
				B887BFA81B219BB8002D0D8B /* btndoss4.png in Resources */,
				B80B4C0F1B20A05F0064B52D /* Macleanrh.png in Resources */,
				B887BFAF1B219BB8002D0D8B /* Stars.png in Resources */,
				B870E8051B1DD52D00CA2C84 /* LaunchScreen.xib in Resources */,
				B887BFAE1B219BB8002D0D8B /* Recrutmini.png in Resources */,
				B870E8021B1DD52D00CA2C84 /* Images.xcassets in Resources */,
				B887BFAB1B219BB8002D0D8B /* BtnRecru2.png in Resources */,
			);
			runOnlyForDeploymentPostprocessing = 0;
		};
		B870E8081B1DD52D00CA2C84 /* Resources */ = {
			isa = PBXResourcesBuildPhase;
			buildActionMask = 2147483647;
			files = (
			);
			runOnlyForDeploymentPostprocessing = 0;
		};
/* End PBXResourcesBuildPhase section */

/* Begin PBXSourcesBuildPhase section */
		B870E7F11B1DD52D00CA2C84 /* Sources */ = {
			isa = PBXSourcesBuildPhase;
			buildActionMask = 2147483647;
			files = (
				B80B4C061B2077C40064B52D /* EmployeeManager.swift in Sources */,
				B86A9B8E1B25E33100497DE5 /* WebViewController.swift in Sources */,
				B870E7FD1B1DD52D00CA2C84 /* TestViewController.swift in Sources */,
				B80B4C051B2077C40064B52D /* DegreeManager.swift in Sources */,
				B870E7FB1B1DD52D00CA2C84 /* AppDelegate.swift in Sources */,
				B80B4C141B20A8740064B52D /* ListingRecruitmentViewController.swift in Sources */,
				B83DBA4B1B1F50CB0092D63A /* Degree.swift in Sources */,
				B8D43D021B20705900ED6DC9 /* ListingCandidateViewController.swift in Sources */,
				B8E63A871B25BC810075FC27 /* EmployeeViewCell.swift in Sources */,
				B887BFB51B219D46002D0D8B /* ListingEmployeeViewController.swift in Sources */,
				B887BFB21B219C6A002D0D8B /* Dating.swift in Sources */,
				B83DBA471B1F50CB0092D63A /* Candidate.swift in Sources */,
				B887BFB71B219DA5002D0D8B /* EmployeeViewController.swift in Sources */,
				B83DBA431B1F50CB0092D63A /* TypeContract.swift in Sources */,
				B80B4C081B207E470064B52D /* CandidateViewCell.swift in Sources */,
				B83DBA211B1F263F0092D63A /* StateCandidatureManager.swift in Sources */,
				B83DBA451B1F50CB0092D63A /* Recruitment.swift in Sources */,
				B80B4C181B2197990064B52D /* CandidateViewController.swift in Sources */,
				B83DBA1B1B1EF3BA0092D63A /* MacleanRH.xcdatamodeld in Sources */,
				B80B4C041B2077C40064B52D /* CandidateManager.swift in Sources */,
				B83429111B1EF1CD008557AF /* CoreDataManager.swift in Sources */,
				B811ACDE1B2050B800FEB7A8 /* ContractManager.swift in Sources */,
				B83DBA491B1F50CB0092D63A /* Employee.swift in Sources */,
				B80B4C121B20A6C90064B52D /* RecruitmentViewCell.swift in Sources */,
				B83C91E91B2036E900879EE5 /* RecruitmentManager.swift in Sources */,
				B834290F1B1EF0E8008557AF /* Constants.swift in Sources */,
				B86A9B8D1B25E33100497DE5 /* SectorManager.swift in Sources */,
				B83DBA411B1F50CB0092D63A /* StateCandidature.swift in Sources */,
				B887BFB31B219C6A002D0D8B /* Sector.swift in Sources */,
				B83DBA3F1B1F50CA0092D63A /* Contract.swift in Sources */,
				B80B4C191B2197990064B52D /* QRCodeViewController.swift in Sources */,
				B8D43D001B206FF300ED6DC9 /* HomePageController.swift in Sources */,
				B83DBA4F1B2036890092D63A /* TypeContractManager.swift in Sources */,
			);
			runOnlyForDeploymentPostprocessing = 0;
		};
		B870E8061B1DD52D00CA2C84 /* Sources */ = {
			isa = PBXSourcesBuildPhase;
			buildActionMask = 2147483647;
			files = (
				B870E8111B1DD52D00CA2C84 /* MacleanRHTests.swift in Sources */,
			);
			runOnlyForDeploymentPostprocessing = 0;
		};
/* End PBXSourcesBuildPhase section */

/* Begin PBXTargetDependency section */
		B870E80C1B1DD52D00CA2C84 /* PBXTargetDependency */ = {
			isa = PBXTargetDependency;
			target = B870E7F41B1DD52D00CA2C84 /* MacleanRH */;
			targetProxy = B870E80B1B1DD52D00CA2C84 /* PBXContainerItemProxy */;
		};
/* End PBXTargetDependency section */

/* Begin PBXVariantGroup section */
		B870E7FE1B1DD52D00CA2C84 /* Main.storyboard */ = {
			isa = PBXVariantGroup;
			children = (
				B870E7FF1B1DD52D00CA2C84 /* Base */,
			);
			name = Main.storyboard;
			sourceTree = "<group>";
		};
		B870E8031B1DD52D00CA2C84 /* LaunchScreen.xib */ = {
			isa = PBXVariantGroup;
			children = (
				B870E8041B1DD52D00CA2C84 /* Base */,
			);
			name = LaunchScreen.xib;
			sourceTree = "<group>";
		};
/* End PBXVariantGroup section */

/* Begin XCBuildConfiguration section */
		B870E8121B1DD52D00CA2C84 /* Debug */ = {
			isa = XCBuildConfiguration;
			buildSettings = {
				ALWAYS_SEARCH_USER_PATHS = NO;
				CLANG_CXX_LANGUAGE_STANDARD = "gnu++0x";
				CLANG_CXX_LIBRARY = "libc++";
				CLANG_ENABLE_MODULES = YES;
				CLANG_ENABLE_OBJC_ARC = YES;
				CLANG_WARN_BOOL_CONVERSION = YES;
				CLANG_WARN_CONSTANT_CONVERSION = YES;
				CLANG_WARN_DIRECT_OBJC_ISA_USAGE = YES_ERROR;
				CLANG_WARN_EMPTY_BODY = YES;
				CLANG_WARN_ENUM_CONVERSION = YES;
				CLANG_WARN_INT_CONVERSION = YES;
				CLANG_WARN_OBJC_ROOT_CLASS = YES_ERROR;
				CLANG_WARN_UNREACHABLE_CODE = YES;
				CLANG_WARN__DUPLICATE_METHOD_MATCH = YES;
				"CODE_SIGN_IDENTITY[sdk=iphoneos*]" = "iPhone Developer";
				COPY_PHASE_STRIP = NO;
				DEBUG_INFORMATION_FORMAT = "dwarf-with-dsym";
				ENABLE_STRICT_OBJC_MSGSEND = YES;
				GCC_C_LANGUAGE_STANDARD = gnu99;
				GCC_DYNAMIC_NO_PIC = NO;
				GCC_NO_COMMON_BLOCKS = YES;
				GCC_OPTIMIZATION_LEVEL = 0;
				GCC_PREPROCESSOR_DEFINITIONS = (
					"DEBUG=1",
					"$(inherited)",
				);
				GCC_SYMBOLS_PRIVATE_EXTERN = NO;
				GCC_WARN_64_TO_32_BIT_CONVERSION = YES;
				GCC_WARN_ABOUT_RETURN_TYPE = YES_ERROR;
				GCC_WARN_UNDECLARED_SELECTOR = YES;
				GCC_WARN_UNINITIALIZED_AUTOS = YES_AGGRESSIVE;
				GCC_WARN_UNUSED_FUNCTION = YES;
				GCC_WARN_UNUSED_VARIABLE = YES;
				IPHONEOS_DEPLOYMENT_TARGET = 8.3;
				MTL_ENABLE_DEBUG_INFO = YES;
				ONLY_ACTIVE_ARCH = YES;
				SDKROOT = iphoneos;
				SWIFT_OPTIMIZATION_LEVEL = "-Onone";
			};
			name = Debug;
		};
		B870E8131B1DD52D00CA2C84 /* Release */ = {
			isa = XCBuildConfiguration;
			buildSettings = {
				ALWAYS_SEARCH_USER_PATHS = NO;
				CLANG_CXX_LANGUAGE_STANDARD = "gnu++0x";
				CLANG_CXX_LIBRARY = "libc++";
				CLANG_ENABLE_MODULES = YES;
				CLANG_ENABLE_OBJC_ARC = YES;
				CLANG_WARN_BOOL_CONVERSION = YES;
				CLANG_WARN_CONSTANT_CONVERSION = YES;
				CLANG_WARN_DIRECT_OBJC_ISA_USAGE = YES_ERROR;
				CLANG_WARN_EMPTY_BODY = YES;
				CLANG_WARN_ENUM_CONVERSION = YES;
				CLANG_WARN_INT_CONVERSION = YES;
				CLANG_WARN_OBJC_ROOT_CLASS = YES_ERROR;
				CLANG_WARN_UNREACHABLE_CODE = YES;
				CLANG_WARN__DUPLICATE_METHOD_MATCH = YES;
				"CODE_SIGN_IDENTITY[sdk=iphoneos*]" = "iPhone Developer";
				COPY_PHASE_STRIP = NO;
				DEBUG_INFORMATION_FORMAT = "dwarf-with-dsym";
				ENABLE_NS_ASSERTIONS = NO;
				ENABLE_STRICT_OBJC_MSGSEND = YES;
				GCC_C_LANGUAGE_STANDARD = gnu99;
				GCC_NO_COMMON_BLOCKS = YES;
				GCC_WARN_64_TO_32_BIT_CONVERSION = YES;
				GCC_WARN_ABOUT_RETURN_TYPE = YES_ERROR;
				GCC_WARN_UNDECLARED_SELECTOR = YES;
				GCC_WARN_UNINITIALIZED_AUTOS = YES_AGGRESSIVE;
				GCC_WARN_UNUSED_FUNCTION = YES;
				GCC_WARN_UNUSED_VARIABLE = YES;
				IPHONEOS_DEPLOYMENT_TARGET = 8.3;
				MTL_ENABLE_DEBUG_INFO = NO;
				SDKROOT = iphoneos;
				VALIDATE_PRODUCT = YES;
			};
			name = Release;
		};
		B870E8151B1DD52D00CA2C84 /* Debug */ = {
			isa = XCBuildConfiguration;
			buildSettings = {
				ASSETCATALOG_COMPILER_APPICON_NAME = AppIcon;
				INFOPLIST_FILE = MacleanRH/Info.plist;
				LD_RUNPATH_SEARCH_PATHS = "$(inherited) @executable_path/Frameworks";
				PRODUCT_NAME = "$(TARGET_NAME)";
				TARGETED_DEVICE_FAMILY = 2;
			};
			name = Debug;
		};
		B870E8161B1DD52D00CA2C84 /* Release */ = {
			isa = XCBuildConfiguration;
			buildSettings = {
				ASSETCATALOG_COMPILER_APPICON_NAME = AppIcon;
				INFOPLIST_FILE = MacleanRH/Info.plist;
				LD_RUNPATH_SEARCH_PATHS = "$(inherited) @executable_path/Frameworks";
				PRODUCT_NAME = "$(TARGET_NAME)";
				TARGETED_DEVICE_FAMILY = 2;
			};
			name = Release;
		};
		B870E8181B1DD52D00CA2C84 /* Debug */ = {
			isa = XCBuildConfiguration;
			buildSettings = {
				BUNDLE_LOADER = "$(TEST_HOST)";
				FRAMEWORK_SEARCH_PATHS = (
					"$(SDKROOT)/Developer/Library/Frameworks",
					"$(inherited)",
				);
				GCC_PREPROCESSOR_DEFINITIONS = (
					"DEBUG=1",
					"$(inherited)",
				);
				INFOPLIST_FILE = MacleanRHTests/Info.plist;
				LD_RUNPATH_SEARCH_PATHS = "$(inherited) @executable_path/Frameworks @loader_path/Frameworks";
				PRODUCT_NAME = "$(TARGET_NAME)";
				TEST_HOST = "$(BUILT_PRODUCTS_DIR)/MacleanRH.app/MacleanRH";
			};
			name = Debug;
		};
		B870E8191B1DD52D00CA2C84 /* Release */ = {
			isa = XCBuildConfiguration;
			buildSettings = {
				BUNDLE_LOADER = "$(TEST_HOST)";
				FRAMEWORK_SEARCH_PATHS = (
					"$(SDKROOT)/Developer/Library/Frameworks",
					"$(inherited)",
				);
				INFOPLIST_FILE = MacleanRHTests/Info.plist;
				LD_RUNPATH_SEARCH_PATHS = "$(inherited) @executable_path/Frameworks @loader_path/Frameworks";
				PRODUCT_NAME = "$(TARGET_NAME)";
				TEST_HOST = "$(BUILT_PRODUCTS_DIR)/MacleanRH.app/MacleanRH";
			};
			name = Release;
		};
/* End XCBuildConfiguration section */

/* Begin XCConfigurationList section */
		B870E7F01B1DD52D00CA2C84 /* Build configuration list for PBXProject "MacleanRH" */ = {
			isa = XCConfigurationList;
			buildConfigurations = (
				B870E8121B1DD52D00CA2C84 /* Debug */,
				B870E8131B1DD52D00CA2C84 /* Release */,
			);
			defaultConfigurationIsVisible = 0;
			defaultConfigurationName = Release;
		};
		B870E8141B1DD52D00CA2C84 /* Build configuration list for PBXNativeTarget "MacleanRH" */ = {
			isa = XCConfigurationList;
			buildConfigurations = (
				B870E8151B1DD52D00CA2C84 /* Debug */,
				B870E8161B1DD52D00CA2C84 /* Release */,
			);
			defaultConfigurationIsVisible = 0;
			defaultConfigurationName = Release;
		};
		B870E8171B1DD52D00CA2C84 /* Build configuration list for PBXNativeTarget "MacleanRHTests" */ = {
			isa = XCConfigurationList;
			buildConfigurations = (
				B870E8181B1DD52D00CA2C84 /* Debug */,
				B870E8191B1DD52D00CA2C84 /* Release */,
			);
			defaultConfigurationIsVisible = 0;
			defaultConfigurationName = Release;
		};
/* End XCConfigurationList section */

/* Begin XCVersionGroup section */
		B83DBA191B1EF3BA0092D63A /* MacleanRH.xcdatamodeld */ = {
			isa = XCVersionGroup;
			children = (
				B83DBA1A1B1EF3BA0092D63A /* MacleanRH.xcdatamodel */,
			);
			currentVersion = B83DBA1A1B1EF3BA0092D63A /* MacleanRH.xcdatamodel */;
			path = MacleanRH.xcdatamodeld;
			sourceTree = "<group>";
			versionGroupType = wrapper.xcdatamodel;
		};
/* End XCVersionGroup section */
	};
	rootObject = B870E7ED1B1DD52D00CA2C84 /* Project object */;
}
